<?xml version="1.0" encoding="utf-8"?>
<Project ToolsVersion="4.0" xmlns="http://schemas.microsoft.com/developer/msbuild/2003">
  <ItemGroup>
    <Filter Include="Source Files">
      <UniqueIdentifier>{86a9ffa2-9217-457e-a9de-44a029267546}</UniqueIdentifier>
      <Extensions>cpp</Extensions>
    </Filter>
    <Filter Include="Header Files">
      <UniqueIdentifier>{495ce345-e7df-4bbc-b478-b7d451f945ed}</UniqueIdentifier>
      <Extensions>h</Extensions>
    </Filter>
    <Filter Include="Miscellaneous Files">
      <UniqueIdentifier>{fa107c27-9670-4047-b488-1073165e0e1b}</UniqueIdentifier>
      <Extensions>txt</Extensions>
    </Filter>
  </ItemGroup>
  <ItemGroup>
    <Text Include="ReadMe.txt">
      <Filter>Miscellaneous Files</Filter>
    </Text>
    <Text Include="Options.txt">
      <Filter>Miscellaneous Files</Filter>
    </Text>
  </ItemGroup>
  <ItemGroup>
    <ClCompile Include="pluginMain.cpp">
      <Filter>Source Files</Filter>
    </ClCompile>
    <ClCompile Include="printSel.cpp">
      <Filter>Source Files</Filter>
    </ClCompile>
  </ItemGroup>
  <ItemGroup>
    <ClInclude Include="printSel.h">
      <Filter>Header Files</Filter>
    </ClInclude>
  </ItemGroup>
</Project>